// !$*UTF8*$!
{
	archiveVersion = 1;
	classes = {
	};
	objectVersion = 56;
	objects = {

/* Begin PBXBuildFile section */
		CEE6849C2C2FA8C6008242CD /* AppDelegate.swift in Sources */ = {isa = PBXBuildFile; fileRef = CEE6849B2C2FA8C6008242CD /* AppDelegate.swift */; };
		CEE6849E2C2FA8C6008242CD /* SceneDelegate.swift in Sources */ = {isa = PBXBuildFile; fileRef = CEE6849D2C2FA8C6008242CD /* SceneDelegate.swift */; };
		CEE684A02C2FA8C6008242CD /* ViewController.swift in Sources */ = {isa = PBXBuildFile; fileRef = CEE6849F2C2FA8C6008242CD /* ViewController.swift */; };
		CEE684A32C2FA8C6008242CD /* Main.storyboard in Resources */ = {isa = PBXBuildFile; fileRef = CEE684A12C2FA8C6008242CD /* Main.storyboard */; };
		CEE684A52C2FA8C8008242CD /* Assets.xcassets in Resources */ = {isa = PBXBuildFile; fileRef = CEE684A42C2FA8C8008242CD /* Assets.xcassets */; };
		CEE684A82C2FA8C8008242CD /* LaunchScreen.storyboard in Resources */ = {isa = PBXBuildFile; fileRef = CEE684A62C2FA8C8008242CD /* LaunchScreen.storyboard */; };
		CEE684B02C2FA91D008242CD /* ClientManager.swift in Sources */ = {isa = PBXBuildFile; fileRef = CEE684AF2C2FA91D008242CD /* ClientManager.swift */; };
		CEE684B22C2FA93B008242CD /* Client.swift in Sources */ = {isa = PBXBuildFile; fileRef = CEE684B12C2FA93B008242CD /* Client.swift */; };
/* End PBXBuildFile section */

/* Begin PBXFileReference section */
		CEE684982C2FA8C6008242CD /* pocketswift.app */ = {isa = PBXFileReference; explicitFileType = wrapper.application; includeInIndex = 0; path = pocketswift.app; sourceTree = BUILT_PRODUCTS_DIR; };
		CEE6849B2C2FA8C6008242CD /* AppDelegate.swift */ = {isa = PBXFileReference; lastKnownFileType = sourcecode.swift; path = AppDelegate.swift; sourceTree = "<group>"; };
		CEE6849D2C2FA8C6008242CD /* SceneDelegate.swift */ = {isa = PBXFileReference; lastKnownFileType = sourcecode.swift; path = SceneDelegate.swift; sourceTree = "<group>"; };
		CEE6849F2C2FA8C6008242CD /* ViewController.swift */ = {isa = PBXFileReference; lastKnownFileType = sourcecode.swift; path = ViewController.swift; sourceTree = "<group>"; };
		CEE684A22C2FA8C6008242CD /* Base */ = {isa = PBXFileReference; lastKnownFileType = file.storyboard; name = Base; path = Base.lproj/Main.storyboard; sourceTree = "<group>"; };
		CEE684A42C2FA8C8008242CD /* Assets.xcassets */ = {isa = PBXFileReference; lastKnownFileType = folder.assetcatalog; path = Assets.xcassets; sourceTree = "<group>"; };
		CEE684A72C2FA8C8008242CD /* Base */ = {isa = PBXFileReference; lastKnownFileType = file.storyboard; name = Base; path = Base.lproj/LaunchScreen.storyboard; sourceTree = "<group>"; };
		CEE684A92C2FA8C8008242CD /* Info.plist */ = {isa = PBXFileReference; lastKnownFileType = text.plist.xml; path = Info.plist; sourceTree = "<group>"; };
		CEE684AF2C2FA91D008242CD /* ClientManager.swift */ = {isa = PBXFileReference; lastKnownFileType = sourcecode.swift; path = ClientManager.swift; sourceTree = "<group>"; };
		CEE684B12C2FA93B008242CD /* Client.swift */ = {isa = PBXFileReference; lastKnownFileType = sourcecode.swift; path = Client.swift; sourceTree = "<group>"; };
/* End PBXFileReference section */

/* Begin PBXFrameworksBuildPhase section */
		CEE684952C2FA8C6008242CD /* Frameworks */ = {
			isa = PBXFrameworksBuildPhase;
			buildActionMask = 2147483647;
			files = (
			);
			runOnlyForDeploymentPostprocessing = 0;
		};
/* End PBXFrameworksBuildPhase section */

/* Begin PBXGroup section */
		CEE6848F2C2FA8C6008242CD = {
			isa = PBXGroup;
			children = (
				CEE6849A2C2FA8C6008242CD /* pocketswift */,
				CEE684992C2FA8C6008242CD /* Products */,
			);
			sourceTree = "<group>";
		};
		CEE684992C2FA8C6008242CD /* Products */ = {
			isa = PBXGroup;
			children = (
				CEE684982C2FA8C6008242CD /* pocketswift.app */,
			);
			name = Products;
			sourceTree = "<group>";
		};
		CEE6849A2C2FA8C6008242CD /* pocketswift */ = {
			isa = PBXGroup;
			children = (
				CEE6849B2C2FA8C6008242CD /* AppDelegate.swift */,
				CEE6849D2C2FA8C6008242CD /* SceneDelegate.swift */,
				CEE6849F2C2FA8C6008242CD /* ViewController.swift */,
				CEE684B12C2FA93B008242CD /* Client.swift */,
				CEE684AF2C2FA91D008242CD /* ClientManager.swift */,
				CEE684A12C2FA8C6008242CD /* Main.storyboard */,
				CEE684A42C2FA8C8008242CD /* Assets.xcassets */,
				CEE684A62C2FA8C8008242CD /* LaunchScreen.storyboard */,
				CEE684A92C2FA8C8008242CD /* Info.plist */,
			);
			path = pocketswift;
			sourceTree = "<group>";
		};
/* End PBXGroup section */

/* Begin PBXNativeTarget section */
		CEE684972C2FA8C6008242CD /* pocketswift */ = {
			isa = PBXNativeTarget;
			buildConfigurationList = CEE684AC2C2FA8C8008242CD /* Build configuration list for PBXNativeTarget "pocketswift" */;
			buildPhases = (
				CEE684942C2FA8C6008242CD /* Sources */,
				CEE684952C2FA8C6008242CD /* Frameworks */,
				CEE684962C2FA8C6008242CD /* Resources */,
			);
			buildRules = (
			);
			dependencies = (
			);
			name = pocketswift;
			productName = pocketswift;
			productReference = CEE684982C2FA8C6008242CD /* pocketswift.app */;
			productType = "com.apple.product-type.application";
		};
/* End PBXNativeTarget section */

/* Begin PBXProject section */
		CEE684902C2FA8C6008242CD /* Project object */ = {
			isa = PBXProject;
			attributes = {
				BuildIndependentTargetsInParallel = 1;
				LastSwiftUpdateCheck = 1420;
				LastUpgradeCheck = 1420;
				TargetAttributes = {
					CEE684972C2FA8C6008242CD = {
						CreatedOnToolsVersion = 14.2;
					};
				};
			};
			buildConfigurationList = CEE684932C2FA8C6008242CD /* Build configuration list for PBXProject "pocketswift" */;
			compatibilityVersion = "Xcode 14.0";
			developmentRegion = en;
			hasScannedForEncodings = 0;
			knownRegions = (
				en,
				Base,
			);
			mainGroup = CEE6848F2C2FA8C6008242CD;
			productRefGroup = CEE684992C2FA8C6008242CD /* Products */;
			projectDirPath = "";
			projectRoot = "";
			targets = (
				CEE684972C2FA8C6008242CD /* pocketswift */,
			);
		};
/* End PBXProject section */

/* Begin PBXResourcesBuildPhase section */
		CEE684962C2FA8C6008242CD /* Resources */ = {
			isa = PBXResourcesBuildPhase;
			buildActionMask = 2147483647;
			files = (
				CEE684A82C2FA8C8008242CD /* LaunchScreen.storyboard in Resources */,
				CEE684A52C2FA8C8008242CD /* Assets.xcassets in Resources */,
				CEE684A32C2FA8C6008242CD /* Main.storyboard in Resources */,
			);
			runOnlyForDeploymentPostprocessing = 0;
		};
/* End PBXResourcesBuildPhase section */

/* Begin PBXSourcesBuildPhase section */
		CEE684942C2FA8C6008242CD /* Sources */ = {
			isa = PBXSourcesBuildPhase;
			buildActionMask = 2147483647;
			files = (
				CEE684B02C2FA91D008242CD /* ClientManager.swift in Sources */,
				CEE684A02C2FA8C6008242CD /* ViewController.swift in Sources */,
				CEE6849C2C2FA8C6008242CD /* AppDelegate.swift in Sources */,
				CEE684B22C2FA93B008242CD /* Client.swift in Sources */,
				CEE6849E2C2FA8C6008242CD /* SceneDelegate.swift in Sources */,
			);
			runOnlyForDeploymentPostprocessing = 0;
		};
/* End PBXSourcesBuildPhase section */

/* Begin PBXVariantGroup section */
		CEE684A12C2FA8C6008242CD /* Main.storyboard */ = {
			isa = PBXVariantGroup;
			children = (
				CEE684A22C2FA8C6008242CD /* Base */,
			);
			name = Main.storyboard;
			sourceTree = "<group>";
		};
		CEE684A62C2FA8C8008242CD /* LaunchScreen.storyboard */ = {
			isa = PBXVariantGroup;
			children = (
				CEE684A72C2FA8C8008242CD /* Base */,
			);
			name = LaunchScreen.storyboard;
			sourceTree = "<group>";
		};
/* End PBXVariantGroup section */

/* Begin XCBuildConfiguration section */
		CEE684AA2C2FA8C8008242CD /* Debug */ = {
			isa = XCBuildConfiguration;
			buildSettings = {
				ALWAYS_SEARCH_USER_PATHS = NO;
				CLANG_ANALYZER_NONNULL = YES;
				CLANG_ANALYZER_NUMBER_OBJECT_CONVERSION = YES_AGGRESSIVE;
				CLANG_CXX_LANGUAGE_STANDARD = "gnu++20";
				CLANG_ENABLE_MODULES = YES;
				CLANG_ENABLE_OBJC_ARC = YES;
				CLANG_ENABLE_OBJC_WEAK = YES;
				CLANG_WARN_BLOCK_CAPTURE_AUTORELEASING = YES;
				CLANG_WARN_BOOL_CONVERSION = YES;
				CLANG_WARN_COMMA = YES;
				CLANG_WARN_CONSTANT_CONVERSION = YES;
				CLANG_WARN_DEPRECATED_OBJC_IMPLEMENTATIONS = YES;
				CLANG_WARN_DIRECT_OBJC_ISA_USAGE = YES_ERROR;
				CLANG_WARN_DOCUMENTATION_COMMENTS = YES;
				CLANG_WARN_EMPTY_BODY = YES;
				CLANG_WARN_ENUM_CONVERSION = YES;
				CLANG_WARN_INFINITE_RECURSION = YES;
				CLANG_WARN_INT_CONVERSION = YES;
				CLANG_WARN_NON_LITERAL_NULL_CONVERSION = YES;
				CLANG_WARN_OBJC_IMPLICIT_RETAIN_SELF = YES;
				CLANG_WARN_OBJC_LITERAL_CONVERSION = YES;
				CLANG_WARN_OBJC_ROOT_CLASS = YES_ERROR;
				CLANG_WARN_QUOTED_INCLUDE_IN_FRAMEWORK_HEADER = YES;
				CLANG_WARN_RANGE_LOOP_ANALYSIS = YES;
				CLANG_WARN_STRICT_PROTOTYPES = YES;
				CLANG_WARN_SUSPICIOUS_MOVE = YES;
				CLANG_WARN_UNGUARDED_AVAILABILITY = YES_AGGRESSIVE;
				CLANG_WARN_UNREACHABLE_CODE = YES;
				CLANG_WARN__DUPLICATE_METHOD_MATCH = YES;
				COPY_PHASE_STRIP = NO;
				DEBUG_INFORMATION_FORMAT = dwarf;
				ENABLE_STRICT_OBJC_MSGSEND = YES;
				ENABLE_TESTABILITY = YES;
				GCC_C_LANGUAGE_STANDARD = gnu11;
				GCC_DYNAMIC_NO_PIC = NO;
				GCC_NO_COMMON_BLOCKS = YES;
				GCC_OPTIMIZATION_LEVEL = 0;
				GCC_PREPROCESSOR_DEFINITIONS = (
					"DEBUG=1",
					"$(inherited)",
				);
				GCC_WARN_64_TO_32_BIT_CONVERSION = YES;
				GCC_WARN_ABOUT_RETURN_TYPE = YES_ERROR;
				GCC_WARN_UNDECLARED_SELECTOR = YES;
				GCC_WARN_UNINITIALIZED_AUTOS = YES_AGGRESSIVE;
				GCC_WARN_UNUSED_FUNCTION = YES;
				GCC_WARN_UNUSED_VARIABLE = YES;
				IPHONEOS_DEPLOYMENT_TARGET = 16.2;
				MTL_ENABLE_DEBUG_INFO = INCLUDE_SOURCE;
				MTL_FAST_MATH = YES;
				ONLY_ACTIVE_ARCH = YES;
				SDKROOT = iphoneos;
				SWIFT_ACTIVE_COMPILATION_CONDITIONS = DEBUG;
				SWIFT_OPTIMIZATION_LEVEL = "-Onone";
			};
			name = Debug;
		};
		CEE684AB2C2FA8C8008242CD /* Release */ = {
			isa = XCBuildConfiguration;
			buildSettings = {
				ALWAYS_SEARCH_USER_PATHS = NO;
				CLANG_ANALYZER_NONNULL = YES;
				CLANG_ANALYZER_NUMBER_OBJECT_CONVERSION = YES_AGGRESSIVE;
				CLANG_CXX_LANGUAGE_STANDARD = "gnu++20";
				CLANG_ENABLE_MODULES = YES;
				CLANG_ENABLE_OBJC_ARC = YES;
				CLANG_ENABLE_OBJC_WEAK = YES;
				CLANG_WARN_BLOCK_CAPTURE_AUTORELEASING = YES;
				CLANG_WARN_BOOL_CONVERSION = YES;
				CLANG_WARN_COMMA = YES;
				CLANG_WARN_CONSTANT_CONVERSION = YES;
				CLANG_WARN_DEPRECATED_OBJC_IMPLEMENTATIONS = YES;
				CLANG_WARN_DIRECT_OBJC_ISA_USAGE = YES_ERROR;
				CLANG_WARN_DOCUMENTATION_COMMENTS = YES;
				CLANG_WARN_EMPTY_BODY = YES;
				CLANG_WARN_ENUM_CONVERSION = YES;
				CLANG_WARN_INFINITE_RECURSION = YES;
				CLANG_WARN_INT_CONVERSION = YES;
				CLANG_WARN_NON_LITERAL_NULL_CONVERSION = YES;
				CLANG_WARN_OBJC_IMPLICIT_RETAIN_SELF = YES;
				CLANG_WARN_OBJC_LITERAL_CONVERSION = YES;
				CLANG_WARN_OBJC_ROOT_CLASS = YES_ERROR;
				CLANG_WARN_QUOTED_INCLUDE_IN_FRAMEWORK_HEADER = YES;
				CLANG_WARN_RANGE_LOOP_ANALYSIS = YES;
				CLANG_WARN_STRICT_PROTOTYPES = YES;
				CLANG_WARN_SUSPICIOUS_MOVE = YES;
				CLANG_WARN_UNGUARDED_AVAILABILITY = YES_AGGRESSIVE;
				CLANG_WARN_UNREACHABLE_CODE = YES;
				CLANG_WARN__DUPLICATE_METHOD_MATCH = YES;
				COPY_PHASE_STRIP = NO;
				DEBUG_INFORMATION_FORMAT = "dwarf-with-dsym";
				ENABLE_NS_ASSERTIONS = NO;
				ENABLE_STRICT_OBJC_MSGSEND = YES;
				GCC_C_LANGUAGE_STANDARD = gnu11;
				GCC_NO_COMMON_BLOCKS = YES;
				GCC_WARN_64_TO_32_BIT_CONVERSION = YES;
				GCC_WARN_ABOUT_RETURN_TYPE = YES_ERROR;
				GCC_WARN_UNDECLARED_SELECTOR = YES;
				GCC_WARN_UNINITIALIZED_AUTOS = YES_AGGRESSIVE;
				GCC_WARN_UNUSED_FUNCTION = YES;
				GCC_WARN_UNUSED_VARIABLE = YES;
				IPHONEOS_DEPLOYMENT_TARGET = 16.2;
				MTL_ENABLE_DEBUG_INFO = NO;
				MTL_FAST_MATH = YES;
				SDKROOT = iphoneos;
				SWIFT_COMPILATION_MODE = wholemodule;
				SWIFT_OPTIMIZATION_LEVEL = "-O";
				VALIDATE_PRODUCT = YES;
			};
			name = Release;
		};
		CEE684AD2C2FA8C8008242CD /* Debug */ = {
			isa = XCBuildConfiguration;
			buildSettings = {
				ASSETCATALOG_COMPILER_APPICON_NAME = AppIcon;
				ASSETCATALOG_COMPILER_GLOBAL_ACCENT_COLOR_NAME = AccentColor;
				CODE_SIGN_STYLE = Automatic;
				CURRENT_PROJECT_VERSION = 1;
				GENERATE_INFOPLIST_FILE = YES;
				INFOPLIST_FILE = pocketswift/Info.plist;
				INFOPLIST_KEY_UIApplicationSupportsIndirectInputEvents = YES;
				INFOPLIST_KEY_UILaunchStoryboardName = LaunchScreen;
				INFOPLIST_KEY_UIMainStoryboardFile = Main;
				INFOPLIST_KEY_UISupportedInterfaceOrientations_iPad = "UIInterfaceOrientationPortrait UIInterfaceOrientationPortraitUpsideDown UIInterfaceOrientationLandscapeLeft UIInterfaceOrientationLandscapeRight";
				INFOPLIST_KEY_UISupportedInterfaceOrientations_iPhone = "UIInterfaceOrientationPortrait UIInterfaceOrientationLandscapeLeft UIInterfaceOrientationLandscapeRight";
				LD_RUNPATH_SEARCH_PATHS = (
					"$(inherited)",
					"@executable_path/Frameworks",
				);
				MARKETING_VERSION = 1.0;
				PRODUCT_BUNDLE_IDENTIFIER = com.personontheinternet.pocketswift;
				PRODUCT_NAME = "$(TARGET_NAME)";
				SWIFT_EMIT_LOC_STRINGS = YES;
				SWIFT_VERSION = 5.0;
				TARGETED_DEVICE_FAMILY = "1,2";
			};
			name = Debug;
		};
		CEE684AE2C2FA8C8008242CD /* Release */ = {
			isa = XCBuildConfiguration;
			buildSettings = {
				ASSETCATALOG_COMPILER_APPICON_NAME = AppIcon;
				ASSETCATALOG_COMPILER_GLOBAL_ACCENT_COLOR_NAME = AccentColor;
				CODE_SIGN_STYLE = Automatic;
				CURRENT_PROJECT_VERSION = 1;
				GENERATE_INFOPLIST_FILE = YES;
				INFOPLIST_FILE = pocketswift/Info.plist;
				INFOPLIST_KEY_UIApplicationSupportsIndirectInputEvents = YES;
				INFOPLIST_KEY_UILaunchStoryboardName = LaunchScreen;
				INFOPLIST_KEY_UIMainStoryboardFile = Main;
				INFOPLIST_KEY_UISupportedInterfaceOrientations_iPad = "UIInterfaceOrientationPortrait UIInterfaceOrientationPortraitUpsideDown UIInterfaceOrientationLandscapeLeft UIInterfaceOrientationLandscapeRight";
				INFOPLIST_KEY_UISupportedInterfaceOrientations_iPhone = "UIInterfaceOrientationPortrait UIInterfaceOrientationLandscapeLeft UIInterfaceOrientationLandscapeRight";
				LD_RUNPATH_SEARCH_PATHS = (
					"$(inherited)",
					"@executable_path/Frameworks",
				);
				MARKETING_VERSION = 1.0;
				PRODUCT_BUNDLE_IDENTIFIER = com.personontheinternet.pocketswift;
				PRODUCT_NAME = "$(TARGET_NAME)";
				SWIFT_EMIT_LOC_STRINGS = YES;
				SWIFT_VERSION = 5.0;
				TARGETED_DEVICE_FAMILY = "1,2";
			};
			name = Release;
		};
/* End XCBuildConfiguration section */

/* Begin XCConfigurationList section */
		CEE684932C2FA8C6008242CD /* Build configuration list for PBXProject "pocketswift" */ = {
			isa = XCConfigurationList;
			buildConfigurations = (
				CEE684AA2C2FA8C8008242CD /* Debug */,
				CEE684AB2C2FA8C8008242CD /* Release */,
			);
			defaultConfigurationIsVisible = 0;
			defaultConfigurationName = Release;
		};
		CEE684AC2C2FA8C8008242CD /* Build configuration list for PBXNativeTarget "pocketswift" */ = {
			isa = XCConfigurationList;
			buildConfigurations = (
				CEE684AD2C2FA8C8008242CD /* Debug */,
				CEE684AE2C2FA8C8008242CD /* Release */,
			);
			defaultConfigurationIsVisible = 0;
			defaultConfigurationName = Release;
		};
/* End XCConfigurationList section */
	};
	rootObject = CEE684902C2FA8C6008242CD /* Project object */;
}
